
Microsoft Visual Studio Solution File, Format Version 12.00
# Visual Studio Version 17
VisualStudioVersion = 17.7.34018.315
MinimumVisualStudioVersion = 10.0.40219.1
Project("{FAE04EC0-301F-11D3-BF4B-00C04F79EFBC}") = "kutuphaneWeb_24_02_24", "kutuphaneWeb_24_02_24\kutuphaneWeb_24_02_24.csproj", "{AD4B3CAD-F7A3-4FCF-81D5-EE535880A38E}"
EndProject
Global
	GlobalSection(SolutionConfigurationPlatforms) = preSolution
		Debug|Any CPU = Debug|Any CPU
		Release|Any CPU = Release|Any CPU
	EndGlobalSection
	GlobalSection(ProjectConfigurationPlatforms) = postSolution
		{AD4B3CAD-F7A3-4FCF-81D5-EE535880A38E}.Debug|Any CPU.ActiveCfg = Debug|Any CPU
		{AD4B3CAD-F7A3-4FCF-81D5-EE535880A38E}.Debug|Any CPU.Build.0 = Debug|Any CPU
		{AD4B3CAD-F7A3-4FCF-81D5-EE535880A38E}.Release|Any CPU.ActiveCfg = Release|Any CPU
		{AD4B3CAD-F7A3-4FCF-81D5-EE535880A38E}.Release|Any CPU.Build.0 = Release|Any CPU
	EndGlobalSection
	GlobalSection(SolutionProperties) = preSolution
		HideSolutionNode = FALSE
	EndGlobalSection
	GlobalSection(ExtensibilityGlobals) = postSolution
		SolutionGuid = {1A8BE336-1C7D-4686-9F51-59C91F5A2476}
	EndGlobalSection
EndGlobal
